PODS:
  - FLEX (4.2.2)
  - WIFLEX (0.0.1):
    - WIFLEX/FLEX (= 0.0.1)
    - WIFLEX/FPS (= 0.0.1)
  - WIFLEX/FLEX (0.0.1):
    - FLEX
    - WIFLEX/FPS
  - WIFLEX/FPS (0.0.1)

DEPENDENCIES:
  - WIFLEX (from `../`)

SPEC REPOS:
  trunk:
    - FLEX

EXTERNAL SOURCES:
  WIFLEX:
    :path: "../"

SPEC CHECKSUMS:
  FLEX: dbd68ae9c67fcc872c79c9e5a728f38243dfaa78
  WIFLEX: 669dae6f618001c5d6833420587019b537214931

PODFILE CHECKSUM: 9f87d221a7c6e3ebd558c90166ce58e75bc3aa6d

COCOAPODS: 1.10.0
